<?xml version="1.0" encoding="utf-8"?>
<Project ToolsVersion="4.0" xmlns="http://schemas.microsoft.com/developer/msbuild/2003">
  <ItemGroup>
    <Filter Include="Game_Engine">
      <UniqueIdentifier>{5473E778-C028-606E-491D-5A45B5D15672}</UniqueIdentifier>
    </Filter>
  </ItemGroup>
  <ItemGroup>
    <ClInclude Include="src\Game_Engine.h" />
    <ClInclude Include="src\Game_Engine\Application.h">
      <Filter>Game_Engine</Filter>
    </ClInclude>
    <ClInclude Include="src\Game_Engine\Core.h">
      <Filter>Game_Engine</Filter>
    </ClInclude>
    <ClInclude Include="src\Game_Engine\EntryPoint.h">
      <Filter>Game_Engine</Filter>
    </ClInclude>
    <ClInclude Include="src\Game_Engine\Log.h">
      <Filter>Game_Engine</Filter>
    </ClInclude>
  </ItemGroup>
  <ItemGroup>
    <ClCompile Include="src\Game_Engine\Application.cpp">
      <Filter>Game_Engine</Filter>
    </ClCompile>
    <ClCompile Include="src\Game_Engine\Log.cpp">
      <Filter>Game_Engine</Filter>
    </ClCompile>
  </ItemGroup>
</Project>